
Microsoft Visual Studio Solution File, Format Version 12.00
# Visual Studio Version 16
VisualStudioVersion = 16.0.28803.202
MinimumVisualStudioVersion = 10.0.40219.1
Project("{9A19103F-16F7-4668-BE54-9A1E7A4F7556}") = "SimpleCsv", "SimpleCsv\SimpleCsv.csproj", "{3F34FA07-60A7-429D-B8A5-9FCB6272E298}"
EndProject
Project("{FAE04EC0-301F-11D3-BF4B-00C04F79EFBC}") = "ExampleApp", "ExampleApp\ExampleApp.csproj", "{527273F3-3EA1-4EB5-A69A-6CCC01601F76}"
EndProject
Global
	GlobalSection(SolutionConfigurationPlatforms) = preSolution
		Debug|Any CPU = Debug|Any CPU
		Release|Any CPU = Release|Any CPU
	EndGlobalSection
	GlobalSection(ProjectConfigurationPlatforms) = postSolution
		{3F34FA07-60A7-429D-B8A5-9FCB6272E298}.Debug|Any CPU.ActiveCfg = Debug|Any CPU
		{3F34FA07-60A7-429D-B8A5-9FCB6272E298}.Debug|Any CPU.Build.0 = Debug|Any CPU
		{3F34FA07-60A7-429D-B8A5-9FCB6272E298}.Release|Any CPU.ActiveCfg = Release|Any CPU
		{3F34FA07-60A7-429D-B8A5-9FCB6272E298}.Release|Any CPU.Build.0 = Release|Any CPU
		{527273F3-3EA1-4EB5-A69A-6CCC01601F76}.Debug|Any CPU.ActiveCfg = Debug|Any CPU
		{527273F3-3EA1-4EB5-A69A-6CCC01601F76}.Debug|Any CPU.Build.0 = Debug|Any CPU
		{527273F3-3EA1-4EB5-A69A-6CCC01601F76}.Release|Any CPU.ActiveCfg = Release|Any CPU
		{527273F3-3EA1-4EB5-A69A-6CCC01601F76}.Release|Any CPU.Build.0 = Release|Any CPU
	EndGlobalSection
	GlobalSection(SolutionProperties) = preSolution
		HideSolutionNode = FALSE
	EndGlobalSection
	GlobalSection(ExtensibilityGlobals) = postSolution
		SolutionGuid = {7AFA667B-27B0-43F6-9FB7-376A3D3B81A2}
	EndGlobalSection
EndGlobal
